
Microsoft Visual Studio Solution File, Format Version 12.00
# Visual Studio Version 17
VisualStudioVersion = 17.8.34330.188
MinimumVisualStudioVersion = 10.0.40219.1
Project("{9A19103F-16F7-4668-BE54-9A1E7A4F7556}") = "ClinicsSystem.API", "ClinicsSystem.API\ClinicsSystem.API.csproj", "{C57FE309-DBEC-4C2F-951C-A911146C8A0A}"
EndProject
Project("{9A19103F-16F7-4668-BE54-9A1E7A4F7556}") = "ClinicsSystem.Domain", "ClinicsSystem.Domain\ClinicsSystem.Domain.csproj", "{61EF5BC9-37FC-40F4-8921-5E274888EF9F}"
EndProject
Project("{9A19103F-16F7-4668-BE54-9A1E7A4F7556}") = "ClinicsSystem.Infrastructure", "ClinicsSystem.Infrastructure\ClinicsSystem.Infrastructure.csproj", "{C2469C5C-82A2-4542-8187-A40CC3C5B888}"
EndProject
Project("{2150E333-8FDC-42A3-9474-1A3956D46DE8}") = "API", "API", "{0CDD67B8-9105-4592-A351-38C15153FA92}"
EndProject
Project("{2150E333-8FDC-42A3-9474-1A3956D46DE8}") = "Domain", "Domain", "{F8F9853A-F88D-463B-8E02-E1F77B09EF42}"
EndProject
Project("{2150E333-8FDC-42A3-9474-1A3956D46DE8}") = "Infrastructure", "Infrastructure", "{722F4A3A-16D1-4506-9B22-2B0B2276B360}"
EndProject
Global
	GlobalSection(SolutionConfigurationPlatforms) = preSolution
		Debug|Any CPU = Debug|Any CPU
		Release|Any CPU = Release|Any CPU
	EndGlobalSection
	GlobalSection(ProjectConfigurationPlatforms) = postSolution
		{C57FE309-DBEC-4C2F-951C-A911146C8A0A}.Debug|Any CPU.ActiveCfg = Debug|Any CPU
		{C57FE309-DBEC-4C2F-951C-A911146C8A0A}.Debug|Any CPU.Build.0 = Debug|Any CPU
		{C57FE309-DBEC-4C2F-951C-A911146C8A0A}.Release|Any CPU.ActiveCfg = Release|Any CPU
		{C57FE309-DBEC-4C2F-951C-A911146C8A0A}.Release|Any CPU.Build.0 = Release|Any CPU
		{61EF5BC9-37FC-40F4-8921-5E274888EF9F}.Debug|Any CPU.ActiveCfg = Debug|Any CPU
		{61EF5BC9-37FC-40F4-8921-5E274888EF9F}.Debug|Any CPU.Build.0 = Debug|Any CPU
		{61EF5BC9-37FC-40F4-8921-5E274888EF9F}.Release|Any CPU.ActiveCfg = Release|Any CPU
		{61EF5BC9-37FC-40F4-8921-5E274888EF9F}.Release|Any CPU.Build.0 = Release|Any CPU
		{C2469C5C-82A2-4542-8187-A40CC3C5B888}.Debug|Any CPU.ActiveCfg = Debug|Any CPU
		{C2469C5C-82A2-4542-8187-A40CC3C5B888}.Debug|Any CPU.Build.0 = Debug|Any CPU
		{C2469C5C-82A2-4542-8187-A40CC3C5B888}.Release|Any CPU.ActiveCfg = Release|Any CPU
		{C2469C5C-82A2-4542-8187-A40CC3C5B888}.Release|Any CPU.Build.0 = Release|Any CPU
	EndGlobalSection
	GlobalSection(SolutionProperties) = preSolution
		HideSolutionNode = FALSE
	EndGlobalSection
	GlobalSection(NestedProjects) = preSolution
		{C57FE309-DBEC-4C2F-951C-A911146C8A0A} = {0CDD67B8-9105-4592-A351-38C15153FA92}
		{61EF5BC9-37FC-40F4-8921-5E274888EF9F} = {F8F9853A-F88D-463B-8E02-E1F77B09EF42}
		{C2469C5C-82A2-4542-8187-A40CC3C5B888} = {722F4A3A-16D1-4506-9B22-2B0B2276B360}
	EndGlobalSection
	GlobalSection(ExtensibilityGlobals) = postSolution
		SolutionGuid = {28158B99-A885-42C1-B483-4CF8FC088BD0}
	EndGlobalSection
EndGlobal
